
Microsoft Visual Studio Solution File, Format Version 12.00
# Visual Studio 15
VisualStudioVersion = 15.0.27428.2037
MinimumVisualStudioVersion = 10.0.40219.1
Project("{2150E333-8FDC-42A3-9474-1A3956D46DE8}") = "Introduction", "Introduction", "{94346F59-E184-48C6-88B2-4FB7B640D744}"
	ProjectSection(SolutionItems) = preProject
		HTMLPage_C3.html = HTMLPage_C3.html
		HTMLPage_C4.html = HTMLPage_C4.html
		JS1.js = JS1.js
		Style.css = Style.css
	EndProjectSection
EndProject
Project("{2150E333-8FDC-42A3-9474-1A3956D46DE8}") = "HTML5 Layout", "HTML5 Layout", "{F7AF1269-AFD5-4218-B939-F1BF39670A78}"
	ProjectSection(SolutionItems) = preProject
		HTMLPage_C3.html = HTMLPage_C3.html
	EndProjectSection
EndProject
Global
	GlobalSection(SolutionProperties) = preSolution
		HideSolutionNode = FALSE
	EndGlobalSection
	GlobalSection(ExtensibilityGlobals) = postSolution
		SolutionGuid = {685095E9-4655-46F6-8DBB-927C82A548E8}
	EndGlobalSection
EndGlobal
